
Microsoft Visual Studio Solution File, Format Version 12.00
# Visual Studio Version 17
VisualStudioVersion = 17.4.33213.308
MinimumVisualStudioVersion = 10.0.40219.1
Project("{FAE04EC0-301F-11D3-BF4B-00C04F79EFBC}") = "ClassExample_Feb2", "ClassExample_Feb2\ClassExample_Feb2.csproj", "{75518F27-123B-460E-8DDB-689BCF021A0C}"
EndProject
Global
	GlobalSection(SolutionConfigurationPlatforms) = preSolution
		Debug|Any CPU = Debug|Any CPU
		Release|Any CPU = Release|Any CPU
	EndGlobalSection
	GlobalSection(ProjectConfigurationPlatforms) = postSolution
		{75518F27-123B-460E-8DDB-689BCF021A0C}.Debug|Any CPU.ActiveCfg = Debug|Any CPU
		{75518F27-123B-460E-8DDB-689BCF021A0C}.Debug|Any CPU.Build.0 = Debug|Any CPU
		{75518F27-123B-460E-8DDB-689BCF021A0C}.Release|Any CPU.ActiveCfg = Release|Any CPU
		{75518F27-123B-460E-8DDB-689BCF021A0C}.Release|Any CPU.Build.0 = Release|Any CPU
	EndGlobalSection
	GlobalSection(SolutionProperties) = preSolution
		HideSolutionNode = FALSE
	EndGlobalSection
	GlobalSection(ExtensibilityGlobals) = postSolution
		SolutionGuid = {F4BDE58F-3E72-4D95-B3DF-1CEC162A1579}
	EndGlobalSection
EndGlobal
