
Microsoft Visual Studio Solution File, Format Version 12.00
# Visual Studio Version 17
VisualStudioVersion = 17.4.33213.308
MinimumVisualStudioVersion = 10.0.40219.1
Project("{FAE04EC0-301F-11D3-BF4B-00C04F79EFBC}") = "Abstract_Feb2", "Abstract_Feb2\Abstract_Feb2.csproj", "{6DD93D6C-C467-4213-B8D7-12C76511E02F}"
EndProject
Global
	GlobalSection(SolutionConfigurationPlatforms) = preSolution
		Debug|Any CPU = Debug|Any CPU
		Release|Any CPU = Release|Any CPU
	EndGlobalSection
	GlobalSection(ProjectConfigurationPlatforms) = postSolution
		{6DD93D6C-C467-4213-B8D7-12C76511E02F}.Debug|Any CPU.ActiveCfg = Debug|Any CPU
		{6DD93D6C-C467-4213-B8D7-12C76511E02F}.Debug|Any CPU.Build.0 = Debug|Any CPU
		{6DD93D6C-C467-4213-B8D7-12C76511E02F}.Release|Any CPU.ActiveCfg = Release|Any CPU
		{6DD93D6C-C467-4213-B8D7-12C76511E02F}.Release|Any CPU.Build.0 = Release|Any CPU
	EndGlobalSection
	GlobalSection(SolutionProperties) = preSolution
		HideSolutionNode = FALSE
	EndGlobalSection
	GlobalSection(ExtensibilityGlobals) = postSolution
		SolutionGuid = {6290A2AF-6318-4D45-80AB-DAF1142B9860}
	EndGlobalSection
EndGlobal
